
Microsoft Visual Studio Solution File, Format Version 12.00
# Visual Studio Version 17
VisualStudioVersion = 17.7.34024.191
MinimumVisualStudioVersion = 10.0.40219.1
Project("{FAE04EC0-301F-11D3-BF4B-00C04F79EFBC}") = "online_school", "online_school\online_school.csproj", "{638C766E-6108-4DB1-8AE1-410C665E6C87}"
EndProject
Global
	GlobalSection(SolutionConfigurationPlatforms) = preSolution
		Debug|Any CPU = Debug|Any CPU
		Release|Any CPU = Release|Any CPU
	EndGlobalSection
	GlobalSection(ProjectConfigurationPlatforms) = postSolution
		{638C766E-6108-4DB1-8AE1-410C665E6C87}.Debug|Any CPU.ActiveCfg = Debug|Any CPU
		{638C766E-6108-4DB1-8AE1-410C665E6C87}.Debug|Any CPU.Build.0 = Debug|Any CPU
		{638C766E-6108-4DB1-8AE1-410C665E6C87}.Release|Any CPU.ActiveCfg = Release|Any CPU
		{638C766E-6108-4DB1-8AE1-410C665E6C87}.Release|Any CPU.Build.0 = Release|Any CPU
	EndGlobalSection
	GlobalSection(SolutionProperties) = preSolution
		HideSolutionNode = FALSE
	EndGlobalSection
	GlobalSection(ExtensibilityGlobals) = postSolution
		SolutionGuid = {65F572DC-CC67-4B70-A79B-1E92C2DBA6A0}
	EndGlobalSection
EndGlobal
